
Microsoft Visual Studio Solution File, Format Version 12.00
# Visual Studio 14
VisualStudioVersion = 14.0.25420.1
MinimumVisualStudioVersion = 10.0.40219.1
Project("{2150E333-8FDC-42A3-9474-1A3956D46DE8}") = "src", "src", "{2798ABFE-EF7F-4D8D-AEA4-32FF77F8C856}"
EndProject
Project("{2150E333-8FDC-42A3-9474-1A3956D46DE8}") = "Solution Items", "Solution Items", "{577B87A8-9EA6-47FF-A373-FDD2A6ADBF6B}"
	ProjectSection(SolutionItems) = preProject
		global.json = global.json
	EndProjectSection
EndProject
Project("{8BB2217D-0F2D-49D1-97BC-3654ED321F3B}") = "Acme.AuthServer", "src\Acme.AuthServer\Acme.AuthServer.xproj", "{649370D5-6DD5-4562-BAAD-C2D68586E90B}"
EndProject
Project("{8BB2217D-0F2D-49D1-97BC-3654ED321F3B}") = "Acme.Backoffice", "src\Acme.Backoffice\Acme.Backoffice.xproj", "{5F053A7C-B402-441B-B3CB-25163D95F82C}"
EndProject
Project("{8BB2217D-0F2D-49D1-97BC-3654ED321F3B}") = "Acme.Loja", "src\Acme.Loja\Acme.Loja.xproj", "{6037718C-AC34-4BB4-84FD-6BFAB1636F74}"
EndProject
Project("{8BB2217D-0F2D-49D1-97BC-3654ED321F3B}") = "Acme.Fabrica", "src\Acme.Fabrica\Acme.Fabrica.xproj", "{6643E0C4-A4FE-40A2-B850-31497D69E299}"
EndProject
Global
	GlobalSection(SolutionConfigurationPlatforms) = preSolution
		Debug|Any CPU = Debug|Any CPU
		Release|Any CPU = Release|Any CPU
	EndGlobalSection
	GlobalSection(ProjectConfigurationPlatforms) = postSolution
		{649370D5-6DD5-4562-BAAD-C2D68586E90B}.Debug|Any CPU.ActiveCfg = Debug|Any CPU
		{649370D5-6DD5-4562-BAAD-C2D68586E90B}.Debug|Any CPU.Build.0 = Debug|Any CPU
		{649370D5-6DD5-4562-BAAD-C2D68586E90B}.Release|Any CPU.ActiveCfg = Release|Any CPU
		{649370D5-6DD5-4562-BAAD-C2D68586E90B}.Release|Any CPU.Build.0 = Release|Any CPU
		{5F053A7C-B402-441B-B3CB-25163D95F82C}.Debug|Any CPU.ActiveCfg = Debug|Any CPU
		{5F053A7C-B402-441B-B3CB-25163D95F82C}.Debug|Any CPU.Build.0 = Debug|Any CPU
		{5F053A7C-B402-441B-B3CB-25163D95F82C}.Release|Any CPU.ActiveCfg = Release|Any CPU
		{5F053A7C-B402-441B-B3CB-25163D95F82C}.Release|Any CPU.Build.0 = Release|Any CPU
		{6037718C-AC34-4BB4-84FD-6BFAB1636F74}.Debug|Any CPU.ActiveCfg = Debug|Any CPU
		{6037718C-AC34-4BB4-84FD-6BFAB1636F74}.Debug|Any CPU.Build.0 = Debug|Any CPU
		{6037718C-AC34-4BB4-84FD-6BFAB1636F74}.Release|Any CPU.ActiveCfg = Release|Any CPU
		{6037718C-AC34-4BB4-84FD-6BFAB1636F74}.Release|Any CPU.Build.0 = Release|Any CPU
		{6643E0C4-A4FE-40A2-B850-31497D69E299}.Debug|Any CPU.ActiveCfg = Debug|Any CPU
		{6643E0C4-A4FE-40A2-B850-31497D69E299}.Debug|Any CPU.Build.0 = Debug|Any CPU
		{6643E0C4-A4FE-40A2-B850-31497D69E299}.Release|Any CPU.ActiveCfg = Release|Any CPU
		{6643E0C4-A4FE-40A2-B850-31497D69E299}.Release|Any CPU.Build.0 = Release|Any CPU
	EndGlobalSection
	GlobalSection(SolutionProperties) = preSolution
		HideSolutionNode = FALSE
	EndGlobalSection
	GlobalSection(NestedProjects) = preSolution
		{649370D5-6DD5-4562-BAAD-C2D68586E90B} = {2798ABFE-EF7F-4D8D-AEA4-32FF77F8C856}
		{5F053A7C-B402-441B-B3CB-25163D95F82C} = {2798ABFE-EF7F-4D8D-AEA4-32FF77F8C856}
		{6037718C-AC34-4BB4-84FD-6BFAB1636F74} = {2798ABFE-EF7F-4D8D-AEA4-32FF77F8C856}
		{6643E0C4-A4FE-40A2-B850-31497D69E299} = {2798ABFE-EF7F-4D8D-AEA4-32FF77F8C856}
	EndGlobalSection
EndGlobal
